# @generated by Move, please check-in and do not edit manually.

[move]
version = 3
manifest_digest = "75B3DDEE9E9977D73C325D83CEEB9259A1952D7BA9AB0356241211172DDCBE0E"
deps_digest = "F8BBB0CCB2491CA29A3DF03D6F92277A4F3574266507ACD77214D37ECA3F3082"
dependencies = [
  { id = "Sui", name = "Sui" },
]

[[move.package]]
id = "MoveStdlib"
source = { git = "https://github.com/MystenLabs/sui.git", rev = "framework/mainnet", subdir = "crates/sui-framework/packages/move-stdlib" }

[[move.package]]
id = "Sui"
source = { git = "https://github.com/MystenLabs/sui.git", rev = "framework/mainnet", subdir = "crates/sui-framework/packages/sui-framework" }

dependencies = [
  { id = "MoveStdlib", name = "MoveStdlib" },
]

[move.toolchain-version]
compiler-version = "1.46.1"
edition = "2024.alpha"
flavor = "sui"

[env]

[env.mainnet]
chain-id = "35834a8a"
original-published-id = "0xfcba5835d7b44cae04025b3209c8946714f131dde36a615d1866e936e95cd59a"
latest-published-id = "0xfcba5835d7b44cae04025b3209c8946714f131dde36a615d1866e936e95cd59a"
published-version = "1"

[env.testnet]
chain-id = "4c78adac"
original-published-id = "0xec7627b98bf9bb171f28e089546f007f76e9f7aedacddf8d93e89ea75f8cb721"
latest-published-id = "0x827549ecf9fa8f3a08c331babbd0fca2236a20f8719cb0199fe229947d257043"
published-version = "2"
