# @generated by Move, please check-in and do not edit manually.

[move]
version = 3
manifest_digest = "C40BDC25BD33BE0E598126B12E407B25A703EEC63EC2560AB4DB682FE87C3B40"
deps_digest = "3C4103934B1E040BB6B23F1D610B4EF9F2F1166A50A104EADCF77467C004C600"
dependencies = [
  { id = "Dolphin", name = "Dolphin" },
  { id = "Sui", name = "Sui" },
]

[[move.package]]
id = "Dolphin"
source = { local = "../dolphin" }

dependencies = [
  { id = "Sui", name = "Sui" },
]

[[move.package]]
id = "MoveStdlib"
source = { git = "https://github.com/MystenLabs/sui.git", rev = "framework/mainnet", subdir = "crates/sui-framework/packages/move-stdlib" }

[[move.package]]
id = "Sui"
source = { git = "https://github.com/MystenLabs/sui.git", rev = "framework/mainnet", subdir = "crates/sui-framework/packages/sui-framework" }

dependencies = [
  { id = "MoveStdlib", name = "MoveStdlib" },
]

[move.toolchain-version]
compiler-version = "1.48.0"
edition = "2024.alpha"
flavor = "sui"
